
Microsoft Visual Studio Solution File, Format Version 12.00
# Visual Studio Version 16
VisualStudioVersion = 16.0.30517.126
MinimumVisualStudioVersion = 10.0.40219.1
Project("{FAE04EC0-301F-11D3-BF4B-00C04F79EFBC}") = "POS_FG", "POS_FG\POS_FG.csproj", "{8DC6C7CC-CA5E-4085-932B-EB425EB74D4F}"
EndProject
Global
	GlobalSection(SolutionConfigurationPlatforms) = preSolution
		Debug|Any CPU = Debug|Any CPU
		Release|Any CPU = Release|Any CPU
	EndGlobalSection
	GlobalSection(ProjectConfigurationPlatforms) = postSolution
		{8DC6C7CC-CA5E-4085-932B-EB425EB74D4F}.Debug|Any CPU.ActiveCfg = Debug|Any CPU
		{8DC6C7CC-CA5E-4085-932B-EB425EB74D4F}.Debug|Any CPU.Build.0 = Debug|Any CPU
		{8DC6C7CC-CA5E-4085-932B-EB425EB74D4F}.Release|Any CPU.ActiveCfg = Release|Any CPU
		{8DC6C7CC-CA5E-4085-932B-EB425EB74D4F}.Release|Any CPU.Build.0 = Release|Any CPU
	EndGlobalSection
	GlobalSection(SolutionProperties) = preSolution
		HideSolutionNode = FALSE
	EndGlobalSection
	GlobalSection(ExtensibilityGlobals) = postSolution
		SolutionGuid = {15201EF5-FE02-40C6-84D3-67B2BA1A0603}
	EndGlobalSection
EndGlobal
